github.com/davecgh/go-spew v1.1.2-0.20180830191138-d8f796af33cc h1:U9qPSI2PIWSS1VwoXQT9A3Wy9MM3WgvqSxFWenqJduM=
github.com/davecgh/go-spew v1.1.2-0.20180830191138-d8f796af33cc/go.mod h1:J7Y8YcW2NihsgmVo/mv3lAwl/skON4iLHjSsI+c5H38=
github.com/google/uuid v1.6.0 h1:NIvaJDMOsjHA8n1jAhLSgzrAzy1Hgr+hNrb57e+94F0=
github.com/google/uuid v1.6.0/go.mod h1:TIyPZe4MgqvfeYDBFedMoGGpEw/LqOeaOT+nhxU+yHo=
github.com/larsartmann/go-branded-id v0.3.0 h1:3uE01+ymNTfsvtLMRSiux+6TjPZX5+frqR5Ub3Cj+w0=
github.com/larsartmann/go-branded-id v0.3.0/go.mod h1:O9fhyzY3DxtLsswpR7XaI+VbCM9182ZbZQLjfFFanLk=
github.com/larsartmann/go-composable-business-types v0.5.0 h1:gmnUIdcOyb4mEUEqZ18xjig5xn1C8+v7EPIvIoTm8n0=
github.com/larsartmann/go-composable-business-types v0.5.0/go.mod h1:5oCDpAa5anTfhhKWoZpoPobITZi/AMKmz2PsBeJK4Oo=
github.com/larsartmann/go-composable-business-types/nanoid v0.5.0 h1:/oy+HW917Sbkx7UGggI3ySBeCwZe1oHtGWDSsbMsCcU=
github.com/larsartmann/go-composable-business-types/nanoid v0.5.0/go.mod h1:WavlOBZi69WRIaD+cuN9tCLH39hDRIDqmNEWlW4GmzY=
github.com/pmezard/go-difflib v1.0.1-0.20181226105442-5d4384ee4fb2 h1:Jamvg5psRIccs7FGNTlIRMkT8wgtp5eCXdBlqhYGL6U=
github.com/pmezard/go-difflib v1.0.1-0.20181226105442-5d4384ee4fb2/go.mod h1:iKH77koFhYxTK1pcRnkKkqfTogsbg7gZNVY4sRDYZ/4=
github.com/sixafter/aes-ctr-drbg v1.19.1 h1:R0PVPYeCVe+d3I6ZcSs7m922MkIhu5xC5DCoAUdy2pk=
github.com/sixafter/aes-ctr-drbg v1.19.1/go.mod h1:iOBiPPkiy5Z5cEWm2yCoqEtnkfafxNTokJLL0zOPZeQ=
github.com/sixafter/nanoid v1.64.3 h1:qmQRsAs2jACOfYRpx762pM1SpSE5ba5khH0+XCpC32s=
github.com/sixafter/nanoid v1.64.3/go.mod h1:4JzA6q5JVJqoCVksa05apkgKNKFhchF3V7vnKibu4qA=
github.com/sixafter/prng-chacha v1.16.3 h1:e94YajRMB79Z2B7byXw1UuB7esbNS0HhzI0hxtduCJs=
github.com/sixafter/prng-chacha v1.16.3/go.mod h1:sAb1LcKzz70VnK3BOEPDbk+kh61kfPJ4gt/JNIJjzoU=
github.com/stretchr/testify v1.11.1 h1:7s2iGBzp5EwR7/aIZr8ao5+dra3wiQyKjjFuvgVKu7U=
github.com/stretchr/testify v1.11.1/go.mod h1:wZwfW3scLgRK+23gO65QZefKpKQRnfz6sD981Nm4B6U=
golang.org/x/crypto v0.52.0 h1:RMs7fP2rXdep0CftQlK8Uf+kibLm7qkCcradZWYz988=
golang.org/x/crypto v0.52.0/go.mod h1:1QgfPxDqh0T2M/elOJtp9RvuR95kVjir0e6/BvEmGbc=
golang.org/x/exp v0.0.0-20260112195511-716be5621a96 h1:Z/6YuSHTLOHfNFdb8zVZomZr7cqNgTJvA8+Qz75D8gU=
golang.org/x/exp v0.0.0-20260112195511-716be5621a96/go.mod h1:nzimsREAkjBCIEFtHiYkrJyT+2uy9YZJB7H1k68CXZU=
golang.org/x/sys v0.45.0 h1:dO4czNzziLiiXplLQgBCEpCvXQ3dnkn0SdaZSYdQ+FY=
golang.org/x/sys v0.45.0/go.mod h1:4GL1E5IUh+htKOUEOaiffhrAeqysfVGipDYzABqnCmw=
gopkg.in/yaml.v3 v3.0.1 h1:fxVm/GzAzEWqLHuvctI91KS9hhNmmWOoWu0XTYJS7CA=
gopkg.in/yaml.v3 v3.0.1/go.mod h1:K4uyk7z7BCEPqu6E+C64Yfv1cQ7kz7rIZviUmN+EgEM=
