github.com/larsartmann/go-composable-business-types v0.7.0 h1:ZLsnd4KzczgufZFOTsajEi86z1brVdZZeNmS+3a6bz4=
github.com/larsartmann/go-composable-business-types v0.7.0/go.mod h1:/X3+SLjqMOhdsopGTfNc+Kr+L6oZ2xV+XLCE1BtrpDo=
golang.org/x/text v0.41.0 h1:vz/seA0lnX87Othu2f/0L24RcgrXD9/YFTSuGjj3rH8=
golang.org/x/text v0.41.0/go.mod h1:jvf1O8ajNzZqhSrQBPbutR/EB83Cc0CFrezNQIwbb5M=
