github.com/larsartmann/go-composable-business-types v0.7.0 h1:ZLsnd4KzczgufZFOTsajEi86z1brVdZZeNmS+3a6bz4=
github.com/larsartmann/go-composable-business-types v0.7.0/go.mod h1:/X3+SLjqMOhdsopGTfNc+Kr+L6oZ2xV+XLCE1BtrpDo=
golang.org/x/text v0.40.0 h1:Ub2Z6/xjgF1WrYQz2nuITOEegKFtiIy+rieRJ5lHZKs=
golang.org/x/text v0.40.0/go.mod h1:hpnzDAfGV753zIKo+wk3u1bVKCGPbrnF7+7LBF/UHVY=
